
Microsoft Visual Studio Solution File, Format Version 12.00
# Visual Studio 2013
VisualStudioVersion = 12.0.30723.0
MinimumVisualStudioVersion = 10.0.40219.1
Project("{FAE04EC0-301F-11D3-BF4B-00C04F79EFBC}") = "AnvandningsfallRaknaPoang", "AnvandningsfallRaknaPoang.csproj", "{6DFDF77B-ACDC-45D5-B902-B2531A648255}"
EndProject
Global
	GlobalSection(SolutionConfigurationPlatforms) = preSolution
		Debug|Any CPU = Debug|Any CPU
		Release|Any CPU = Release|Any CPU
	EndGlobalSection
	GlobalSection(ProjectConfigurationPlatforms) = postSolution
		{6DFDF77B-ACDC-45D5-B902-B2531A648255}.Debug|Any CPU.ActiveCfg = Debug|Any CPU
		{6DFDF77B-ACDC-45D5-B902-B2531A648255}.Debug|Any CPU.Build.0 = Debug|Any CPU
		{6DFDF77B-ACDC-45D5-B902-B2531A648255}.Release|Any CPU.ActiveCfg = Release|Any CPU
		{6DFDF77B-ACDC-45D5-B902-B2531A648255}.Release|Any CPU.Build.0 = Release|Any CPU
	EndGlobalSection
	GlobalSection(SolutionProperties) = preSolution
		HideSolutionNode = FALSE
	EndGlobalSection
EndGlobal
